// !$*UTF8*$!
{
	archiveVersion = 1;
	classes = {
	};
	objectVersion = 52;
	objects = {

/* Begin PBXBuildFile section */
		4D4461ED271AEADE001CD826 /* AppDelegate.swift in Sources */ = {isa = PBXBuildFile; fileRef = 4D4461EC271AEADE001CD826 /* AppDelegate.swift */; };
		4D4461EF271AEADE001CD826 /* SceneDelegate.swift in Sources */ = {isa = PBXBuildFile; fileRef = 4D4461EE271AEADE001CD826 /* SceneDelegate.swift */; };
		4D4461F1271AEADE001CD826 /* ViewController.swift in Sources */ = {isa = PBXBuildFile; fileRef = 4D4461F0271AEADE001CD826 /* ViewController.swift */; };
		4D4461F4271AEADE001CD826 /* Main.storyboard in Resources */ = {isa = PBXBuildFile; fileRef = 4D4461F2271AEADE001CD826 /* Main.storyboard */; };
		4D4461F6271AEADF001CD826 /* Assets.xcassets in Resources */ = {isa = PBXBuildFile; fileRef = 4D4461F5271AEADF001CD826 /* Assets.xcassets */; };
		4D4461F9271AEADF001CD826 /* LaunchScreen.storyboard in Resources */ = {isa = PBXBuildFile; fileRef = 4D4461F7271AEADF001CD826 /* LaunchScreen.storyboard */; };
		4D44620A271AF0B8001CD826 /* ApiClient.swift in Sources */ = {isa = PBXBuildFile; fileRef = 4D446209271AF0B8001CD826 /* ApiClient.swift */; };
		4D44620E271AF0C5001CD826 /* EndPoint.swift in Sources */ = {isa = PBXBuildFile; fileRef = 4D44620D271AF0C5001CD826 /* EndPoint.swift */; };
		4D446212271AF11E001CD826 /* Alamofire in Frameworks */ = {isa = PBXBuildFile; productRef = 4D446211271AF11E001CD826 /* Alamofire */; };
		4D446216271AF159001CD826 /* SwiftyJSON in Frameworks */ = {isa = PBXBuildFile; productRef = 4D446215271AF159001CD826 /* SwiftyJSON */; };
		4D44621A271AF1AA001CD826 /* AlamofireImage in Frameworks */ = {isa = PBXBuildFile; productRef = 4D446219271AF1AA001CD826 /* AlamofireImage */; };
		4D44621E271AF1D2001CD826 /* Lottie in Frameworks */ = {isa = PBXBuildFile; productRef = 4D44621D271AF1D2001CD826 /* Lottie */; };
		4D446222271AF1E7001CD826 /* ObjectMapper in Frameworks */ = {isa = PBXBuildFile; productRef = 4D446221271AF1E7001CD826 /* ObjectMapper */; };
		4D446226271AF201001CD826 /* SnapKit in Frameworks */ = {isa = PBXBuildFile; productRef = 4D446225271AF201001CD826 /* SnapKit */; };
		4D446232271AF973001CD826 /* NavigationViewController.swift in Sources */ = {isa = PBXBuildFile; fileRef = 4D446231271AF973001CD826 /* NavigationViewController.swift */; };
		4D446236271AF9C9001CD826 /* MoviesViewController.swift in Sources */ = {isa = PBXBuildFile; fileRef = 4D446235271AF9C9001CD826 /* MoviesViewController.swift */; };
		4D9E8E9B271AFA4A00DC4CE9 /* MoviesViewModel.swift in Sources */ = {isa = PBXBuildFile; fileRef = 4D9E8E9A271AFA4A00DC4CE9 /* MoviesViewModel.swift */; };
		4D9E8E9E271AFB1100DC4CE9 /* PopularMovieResponseModel.swift in Sources */ = {isa = PBXBuildFile; fileRef = 4D9E8E9D271AFB1100DC4CE9 /* PopularMovieResponseModel.swift */; };
/* End PBXBuildFile section */

/* Begin PBXFileReference section */
		4D4461E9271AEADE001CD826 /* MovieSwift.app */ = {isa = PBXFileReference; explicitFileType = wrapper.application; includeInIndex = 0; path = MovieSwift.app; sourceTree = BUILT_PRODUCTS_DIR; };
		4D4461EC271AEADE001CD826 /* AppDelegate.swift */ = {isa = PBXFileReference; lastKnownFileType = sourcecode.swift; path = AppDelegate.swift; sourceTree = "<group>"; };
		4D4461EE271AEADE001CD826 /* SceneDelegate.swift */ = {isa = PBXFileReference; lastKnownFileType = sourcecode.swift; path = SceneDelegate.swift; sourceTree = "<group>"; };
		4D4461F0271AEADE001CD826 /* ViewController.swift */ = {isa = PBXFileReference; lastKnownFileType = sourcecode.swift; path = ViewController.swift; sourceTree = "<group>"; };
		4D4461F3271AEADE001CD826 /* Base */ = {isa = PBXFileReference; lastKnownFileType = file.storyboard; name = Base; path = Base.lproj/Main.storyboard; sourceTree = "<group>"; };
		4D4461F5271AEADF001CD826 /* Assets.xcassets */ = {isa = PBXFileReference; lastKnownFileType = folder.assetcatalog; path = Assets.xcassets; sourceTree = "<group>"; };
		4D4461F8271AEADF001CD826 /* Base */ = {isa = PBXFileReference; lastKnownFileType = file.storyboard; name = Base; path = Base.lproj/LaunchScreen.storyboard; sourceTree = "<group>"; };
		4D4461FA271AEADF001CD826 /* Info.plist */ = {isa = PBXFileReference; lastKnownFileType = text.plist.xml; path = Info.plist; sourceTree = "<group>"; };
		4D446209271AF0B8001CD826 /* ApiClient.swift */ = {isa = PBXFileReference; lastKnownFileType = sourcecode.swift; path = ApiClient.swift; sourceTree = "<group>"; };
		4D44620D271AF0C5001CD826 /* EndPoint.swift */ = {isa = PBXFileReference; lastKnownFileType = sourcecode.swift; path = EndPoint.swift; sourceTree = "<group>"; };
		4D446231271AF973001CD826 /* NavigationViewController.swift */ = {isa = PBXFileReference; lastKnownFileType = sourcecode.swift; path = NavigationViewController.swift; sourceTree = "<group>"; };
		4D446235271AF9C9001CD826 /* MoviesViewController.swift */ = {isa = PBXFileReference; lastKnownFileType = sourcecode.swift; path = MoviesViewController.swift; sourceTree = "<group>"; };
		4D9E8E9A271AFA4A00DC4CE9 /* MoviesViewModel.swift */ = {isa = PBXFileReference; lastKnownFileType = sourcecode.swift; path = MoviesViewModel.swift; sourceTree = "<group>"; };
		4D9E8E9D271AFB1100DC4CE9 /* PopularMovieResponseModel.swift */ = {isa = PBXFileReference; lastKnownFileType = sourcecode.swift; path = PopularMovieResponseModel.swift; sourceTree = "<group>"; };
/* End PBXFileReference section */

/* Begin PBXFrameworksBuildPhase section */
		4D4461E6271AEADE001CD826 /* Frameworks */ = {
			isa = PBXFrameworksBuildPhase;
			buildActionMask = 2147483647;
			files = (
				4D446216271AF159001CD826 /* SwiftyJSON in Frameworks */,
				4D446222271AF1E7001CD826 /* ObjectMapper in Frameworks */,
				4D446212271AF11E001CD826 /* Alamofire in Frameworks */,
				4D446226271AF201001CD826 /* SnapKit in Frameworks */,
				4D44621A271AF1AA001CD826 /* AlamofireImage in Frameworks */,
				4D44621E271AF1D2001CD826 /* Lottie in Frameworks */,
			);
			runOnlyForDeploymentPostprocessing = 0;
		};
/* End PBXFrameworksBuildPhase section */

/* Begin PBXGroup section */
		4D4461E0271AEADE001CD826 = {
			isa = PBXGroup;
			children = (
				4D4461EB271AEADE001CD826 /* MovieSwift */,
				4D4461EA271AEADE001CD826 /* Products */,
			);
			sourceTree = "<group>";
		};
		4D4461EA271AEADE001CD826 /* Products */ = {
			isa = PBXGroup;
			children = (
				4D4461E9271AEADE001CD826 /* MovieSwift.app */,
			);
			name = Products;
			sourceTree = "<group>";
		};
		4D4461EB271AEADE001CD826 /* MovieSwift */ = {
			isa = PBXGroup;
			children = (
				4D446202271AEAF9001CD826 /* Core */,
				4D44622A271AF7E2001CD826 /* 3rdPartFiles */,
				4D446204271AF040001CD826 /* Data */,
				4D446228271AF7CB001CD826 /* View */,
				4D44622C271AF80A001CD826 /* Raw */,
				4D446229271AF7CF001CD826 /* Utils */,
				4D4461FA271AEADF001CD826 /* Info.plist */,
			);
			path = MovieSwift;
			sourceTree = "<group>";
		};
		4D446202271AEAF9001CD826 /* Core */ = {
			isa = PBXGroup;
			children = (
				4D4461EC271AEADE001CD826 /* AppDelegate.swift */,
				4D4461EE271AEADE001CD826 /* SceneDelegate.swift */,
				4D4461F0271AEADE001CD826 /* ViewController.swift */,
				4D4461F2271AEADE001CD826 /* Main.storyboard */,
				4D4461F5271AEADF001CD826 /* Assets.xcassets */,
				4D4461F7271AEADF001CD826 /* LaunchScreen.storyboard */,
			);
			path = Core;
			sourceTree = "<group>";
		};
		4D446204271AF040001CD826 /* Data */ = {
			isa = PBXGroup;
			children = (
				4D446205271AF04C001CD826 /* Remote */,
			);
			path = Data;
			sourceTree = "<group>";
		};
		4D446205271AF04C001CD826 /* Remote */ = {
			isa = PBXGroup;
			children = (
				4D446206271AF067001CD826 /* Api */,
				4D446208271AF08A001CD826 /* Model */,
			);
			path = Remote;
			sourceTree = "<group>";
		};
		4D446206271AF067001CD826 /* Api */ = {
			isa = PBXGroup;
			children = (
				4D446209271AF0B8001CD826 /* ApiClient.swift */,
				4D44620D271AF0C5001CD826 /* EndPoint.swift */,
			);
			path = Api;
			sourceTree = "<group>";
		};
		4D446208271AF08A001CD826 /* Model */ = {
			isa = PBXGroup;
			children = (
				4D9E8E9D271AFB1100DC4CE9 /* PopularMovieResponseModel.swift */,
			);
			path = Model;
			sourceTree = "<group>";
		};
		4D446228271AF7CB001CD826 /* View */ = {
			isa = PBXGroup;
			children = (
				4D44622E271AF892001CD826 /* Splash */,
				4D44622D271AF87D001CD826 /* HomePage */,
			);
			path = View;
			sourceTree = "<group>";
		};
		4D446229271AF7CF001CD826 /* Utils */ = {
			isa = PBXGroup;
			children = (
			);
			path = Utils;
			sourceTree = "<group>";
		};
		4D44622A271AF7E2001CD826 /* 3rdPartFiles */ = {
			isa = PBXGroup;
			children = (
				4D44622B271AF7ED001CD826 /* Fonts */,
			);
			path = 3rdPartFiles;
			sourceTree = "<group>";
		};
		4D44622B271AF7ED001CD826 /* Fonts */ = {
			isa = PBXGroup;
			children = (
			);
			path = Fonts;
			sourceTree = "<group>";
		};
		4D44622C271AF80A001CD826 /* Raw */ = {
			isa = PBXGroup;
			children = (
			);
			path = Raw;
			sourceTree = "<group>";
		};
		4D44622D271AF87D001CD826 /* HomePage */ = {
			isa = PBXGroup;
			children = (
				4D446230271AF8EA001CD826 /* Movies */,
				4D446231271AF973001CD826 /* NavigationViewController.swift */,
			);
			path = HomePage;
			sourceTree = "<group>";
		};
		4D44622E271AF892001CD826 /* Splash */ = {
			isa = PBXGroup;
			children = (
			);
			path = Splash;
			sourceTree = "<group>";
		};
		4D446230271AF8EA001CD826 /* Movies */ = {
			isa = PBXGroup;
			children = (
				4D446235271AF9C9001CD826 /* MoviesViewController.swift */,
				4D9E8E9A271AFA4A00DC4CE9 /* MoviesViewModel.swift */,
			);
			path = Movies;
			sourceTree = "<group>";
		};
/* End PBXGroup section */

/* Begin PBXNativeTarget section */
		4D4461E8271AEADE001CD826 /* MovieSwift */ = {
			isa = PBXNativeTarget;
			buildConfigurationList = 4D4461FD271AEADF001CD826 /* Build configuration list for PBXNativeTarget "MovieSwift" */;
			buildPhases = (
				4D4461E5271AEADE001CD826 /* Sources */,
				4D4461E6271AEADE001CD826 /* Frameworks */,
				4D4461E7271AEADE001CD826 /* Resources */,
			);
			buildRules = (
			);
			dependencies = (
			);
			name = MovieSwift;
			packageProductDependencies = (
				4D446211271AF11E001CD826 /* Alamofire */,
				4D446215271AF159001CD826 /* SwiftyJSON */,
				4D446219271AF1AA001CD826 /* AlamofireImage */,
				4D44621D271AF1D2001CD826 /* Lottie */,
				4D446221271AF1E7001CD826 /* ObjectMapper */,
				4D446225271AF201001CD826 /* SnapKit */,
			);
			productName = MovieSwift;
			productReference = 4D4461E9271AEADE001CD826 /* MovieSwift.app */;
			productType = "com.apple.product-type.application";
		};
/* End PBXNativeTarget section */

/* Begin PBXProject section */
		4D4461E1271AEADE001CD826 /* Project object */ = {
			isa = PBXProject;
			attributes = {
				LastSwiftUpdateCheck = 1240;
				LastUpgradeCheck = 1240;
				TargetAttributes = {
					4D4461E8271AEADE001CD826 = {
						CreatedOnToolsVersion = 12.4;
					};
				};
			};
			buildConfigurationList = 4D4461E4271AEADE001CD826 /* Build configuration list for PBXProject "MovieSwift" */;
			compatibilityVersion = "Xcode 9.3";
			developmentRegion = en;
			hasScannedForEncodings = 0;
			knownRegions = (
				en,
				Base,
			);
			mainGroup = 4D4461E0271AEADE001CD826;
			packageReferences = (
				4D446210271AF11E001CD826 /* XCRemoteSwiftPackageReference "Alamofire" */,
				4D446214271AF159001CD826 /* XCRemoteSwiftPackageReference "SwiftyJSON" */,
				4D446218271AF1AA001CD826 /* XCRemoteSwiftPackageReference "AlamofireImage" */,
				4D44621C271AF1D2001CD826 /* XCRemoteSwiftPackageReference "lottie-ios" */,
				4D446220271AF1E7001CD826 /* XCRemoteSwiftPackageReference "ObjectMapper" */,
				4D446224271AF201001CD826 /* XCRemoteSwiftPackageReference "SnapKit" */,
			);
			productRefGroup = 4D4461EA271AEADE001CD826 /* Products */;
			projectDirPath = "";
			projectRoot = "";
			targets = (
				4D4461E8271AEADE001CD826 /* MovieSwift */,
			);
		};
/* End PBXProject section */

/* Begin PBXResourcesBuildPhase section */
		4D4461E7271AEADE001CD826 /* Resources */ = {
			isa = PBXResourcesBuildPhase;
			buildActionMask = 2147483647;
			files = (
				4D4461F9271AEADF001CD826 /* LaunchScreen.storyboard in Resources */,
				4D4461F6271AEADF001CD826 /* Assets.xcassets in Resources */,
				4D4461F4271AEADE001CD826 /* Main.storyboard in Resources */,
			);
			runOnlyForDeploymentPostprocessing = 0;
		};
/* End PBXResourcesBuildPhase section */

/* Begin PBXSourcesBuildPhase section */
		4D4461E5271AEADE001CD826 /* Sources */ = {
			isa = PBXSourcesBuildPhase;
			buildActionMask = 2147483647;
			files = (
				4D446232271AF973001CD826 /* NavigationViewController.swift in Sources */,
				4D4461F1271AEADE001CD826 /* ViewController.swift in Sources */,
				4D4461ED271AEADE001CD826 /* AppDelegate.swift in Sources */,
				4D44620E271AF0C5001CD826 /* EndPoint.swift in Sources */,
				4D4461EF271AEADE001CD826 /* SceneDelegate.swift in Sources */,
				4D446236271AF9C9001CD826 /* MoviesViewController.swift in Sources */,
				4D9E8E9E271AFB1100DC4CE9 /* PopularMovieResponseModel.swift in Sources */,
				4D44620A271AF0B8001CD826 /* ApiClient.swift in Sources */,
				4D9E8E9B271AFA4A00DC4CE9 /* MoviesViewModel.swift in Sources */,
			);
			runOnlyForDeploymentPostprocessing = 0;
		};
/* End PBXSourcesBuildPhase section */

/* Begin PBXVariantGroup section */
		4D4461F2271AEADE001CD826 /* Main.storyboard */ = {
			isa = PBXVariantGroup;
			children = (
				4D4461F3271AEADE001CD826 /* Base */,
			);
			name = Main.storyboard;
			sourceTree = "<group>";
		};
		4D4461F7271AEADF001CD826 /* LaunchScreen.storyboard */ = {
			isa = PBXVariantGroup;
			children = (
				4D4461F8271AEADF001CD826 /* Base */,
			);
			name = LaunchScreen.storyboard;
			sourceTree = "<group>";
		};
/* End PBXVariantGroup section */

/* Begin XCBuildConfiguration section */
		4D4461FB271AEADF001CD826 /* Debug */ = {
			isa = XCBuildConfiguration;
			buildSettings = {
				ALWAYS_SEARCH_USER_PATHS = NO;
				CLANG_ANALYZER_NONNULL = YES;
				CLANG_ANALYZER_NUMBER_OBJECT_CONVERSION = YES_AGGRESSIVE;
				CLANG_CXX_LANGUAGE_STANDARD = "gnu++14";
				CLANG_CXX_LIBRARY = "libc++";
				CLANG_ENABLE_MODULES = YES;
				CLANG_ENABLE_OBJC_ARC = YES;
				CLANG_ENABLE_OBJC_WEAK = YES;
				CLANG_WARN_BLOCK_CAPTURE_AUTORELEASING = YES;
				CLANG_WARN_BOOL_CONVERSION = YES;
				CLANG_WARN_COMMA = YES;
				CLANG_WARN_CONSTANT_CONVERSION = YES;
				CLANG_WARN_DEPRECATED_OBJC_IMPLEMENTATIONS = YES;
				CLANG_WARN_DIRECT_OBJC_ISA_USAGE = YES_ERROR;
				CLANG_WARN_DOCUMENTATION_COMMENTS = YES;
				CLANG_WARN_EMPTY_BODY = YES;
				CLANG_WARN_ENUM_CONVERSION = YES;
				CLANG_WARN_INFINITE_RECURSION = YES;
				CLANG_WARN_INT_CONVERSION = YES;
				CLANG_WARN_NON_LITERAL_NULL_CONVERSION = YES;
				CLANG_WARN_OBJC_IMPLICIT_RETAIN_SELF = YES;
				CLANG_WARN_OBJC_LITERAL_CONVERSION = YES;
				CLANG_WARN_OBJC_ROOT_CLASS = YES_ERROR;
				CLANG_WARN_QUOTED_INCLUDE_IN_FRAMEWORK_HEADER = YES;
				CLANG_WARN_RANGE_LOOP_ANALYSIS = YES;
				CLANG_WARN_STRICT_PROTOTYPES = YES;
				CLANG_WARN_SUSPICIOUS_MOVE = YES;
				CLANG_WARN_UNGUARDED_AVAILABILITY = YES_AGGRESSIVE;
				CLANG_WARN_UNREACHABLE_CODE = YES;
				CLANG_WARN__DUPLICATE_METHOD_MATCH = YES;
				COPY_PHASE_STRIP = NO;
				DEBUG_INFORMATION_FORMAT = dwarf;
				ENABLE_STRICT_OBJC_MSGSEND = YES;
				ENABLE_TESTABILITY = YES;
				GCC_C_LANGUAGE_STANDARD = gnu11;
				GCC_DYNAMIC_NO_PIC = NO;
				GCC_NO_COMMON_BLOCKS = YES;
				GCC_OPTIMIZATION_LEVEL = 0;
				GCC_PREPROCESSOR_DEFINITIONS = (
					"DEBUG=1",
					"$(inherited)",
				);
				GCC_WARN_64_TO_32_BIT_CONVERSION = YES;
				GCC_WARN_ABOUT_RETURN_TYPE = YES_ERROR;
				GCC_WARN_UNDECLARED_SELECTOR = YES;
				GCC_WARN_UNINITIALIZED_AUTOS = YES_AGGRESSIVE;
				GCC_WARN_UNUSED_FUNCTION = YES;
				GCC_WARN_UNUSED_VARIABLE = YES;
				IPHONEOS_DEPLOYMENT_TARGET = 14.4;
				MTL_ENABLE_DEBUG_INFO = INCLUDE_SOURCE;
				MTL_FAST_MATH = YES;
				ONLY_ACTIVE_ARCH = YES;
				SDKROOT = iphoneos;
				SWIFT_ACTIVE_COMPILATION_CONDITIONS = DEBUG;
				SWIFT_OPTIMIZATION_LEVEL = "-Onone";
			};
			name = Debug;
		};
		4D4461FC271AEADF001CD826 /* Release */ = {
			isa = XCBuildConfiguration;
			buildSettings = {
				ALWAYS_SEARCH_USER_PATHS = NO;
				CLANG_ANALYZER_NONNULL = YES;
				CLANG_ANALYZER_NUMBER_OBJECT_CONVERSION = YES_AGGRESSIVE;
				CLANG_CXX_LANGUAGE_STANDARD = "gnu++14";
				CLANG_CXX_LIBRARY = "libc++";
				CLANG_ENABLE_MODULES = YES;
				CLANG_ENABLE_OBJC_ARC = YES;
				CLANG_ENABLE_OBJC_WEAK = YES;
				CLANG_WARN_BLOCK_CAPTURE_AUTORELEASING = YES;
				CLANG_WARN_BOOL_CONVERSION = YES;
				CLANG_WARN_COMMA = YES;
				CLANG_WARN_CONSTANT_CONVERSION = YES;
				CLANG_WARN_DEPRECATED_OBJC_IMPLEMENTATIONS = YES;
				CLANG_WARN_DIRECT_OBJC_ISA_USAGE = YES_ERROR;
				CLANG_WARN_DOCUMENTATION_COMMENTS = YES;
				CLANG_WARN_EMPTY_BODY = YES;
				CLANG_WARN_ENUM_CONVERSION = YES;
				CLANG_WARN_INFINITE_RECURSION = YES;
				CLANG_WARN_INT_CONVERSION = YES;
				CLANG_WARN_NON_LITERAL_NULL_CONVERSION = YES;
				CLANG_WARN_OBJC_IMPLICIT_RETAIN_SELF = YES;
				CLANG_WARN_OBJC_LITERAL_CONVERSION = YES;
				CLANG_WARN_OBJC_ROOT_CLASS = YES_ERROR;
				CLANG_WARN_QUOTED_INCLUDE_IN_FRAMEWORK_HEADER = YES;
				CLANG_WARN_RANGE_LOOP_ANALYSIS = YES;
				CLANG_WARN_STRICT_PROTOTYPES = YES;
				CLANG_WARN_SUSPICIOUS_MOVE = YES;
				CLANG_WARN_UNGUARDED_AVAILABILITY = YES_AGGRESSIVE;
				CLANG_WARN_UNREACHABLE_CODE = YES;
				CLANG_WARN__DUPLICATE_METHOD_MATCH = YES;
				COPY_PHASE_STRIP = NO;
				DEBUG_INFORMATION_FORMAT = "dwarf-with-dsym";
				ENABLE_NS_ASSERTIONS = NO;
				ENABLE_STRICT_OBJC_MSGSEND = YES;
				GCC_C_LANGUAGE_STANDARD = gnu11;
				GCC_NO_COMMON_BLOCKS = YES;
				GCC_WARN_64_TO_32_BIT_CONVERSION = YES;
				GCC_WARN_ABOUT_RETURN_TYPE = YES_ERROR;
				GCC_WARN_UNDECLARED_SELECTOR = YES;
				GCC_WARN_UNINITIALIZED_AUTOS = YES_AGGRESSIVE;
				GCC_WARN_UNUSED_FUNCTION = YES;
				GCC_WARN_UNUSED_VARIABLE = YES;
				IPHONEOS_DEPLOYMENT_TARGET = 14.4;
				MTL_ENABLE_DEBUG_INFO = NO;
				MTL_FAST_MATH = YES;
				SDKROOT = iphoneos;
				SWIFT_COMPILATION_MODE = wholemodule;
				SWIFT_OPTIMIZATION_LEVEL = "-O";
				VALIDATE_PRODUCT = YES;
			};
			name = Release;
		};
		4D4461FE271AEADF001CD826 /* Debug */ = {
			isa = XCBuildConfiguration;
			buildSettings = {
				ASSETCATALOG_COMPILER_APPICON_NAME = AppIcon;
				ASSETCATALOG_COMPILER_GLOBAL_ACCENT_COLOR_NAME = AccentColor;
				CODE_SIGN_STYLE = Automatic;
				DEVELOPMENT_TEAM = 4TJK89A752;
				INFOPLIST_FILE = MovieSwift/Info.plist;
				LD_RUNPATH_SEARCH_PATHS = (
					"$(inherited)",
					"@executable_path/Frameworks",
				);
				MARKETING_VERSION = 1.0.0;
				PRODUCT_BUNDLE_IDENTIFIER = com.ios.MovieSwift;
				PRODUCT_NAME = "$(TARGET_NAME)";
				SWIFT_VERSION = 5.0;
				TARGETED_DEVICE_FAMILY = "1,2";
			};
			name = Debug;
		};
		4D4461FF271AEADF001CD826 /* Release */ = {
			isa = XCBuildConfiguration;
			buildSettings = {
				ASSETCATALOG_COMPILER_APPICON_NAME = AppIcon;
				ASSETCATALOG_COMPILER_GLOBAL_ACCENT_COLOR_NAME = AccentColor;
				CODE_SIGN_STYLE = Automatic;
				DEVELOPMENT_TEAM = 4TJK89A752;
				INFOPLIST_FILE = MovieSwift/Info.plist;
				LD_RUNPATH_SEARCH_PATHS = (
					"$(inherited)",
					"@executable_path/Frameworks",
				);
				MARKETING_VERSION = 1.0.0;
				PRODUCT_BUNDLE_IDENTIFIER = com.ios.MovieSwift;
				PRODUCT_NAME = "$(TARGET_NAME)";
				SWIFT_VERSION = 5.0;
				TARGETED_DEVICE_FAMILY = "1,2";
			};
			name = Release;
		};
/* End XCBuildConfiguration section */

/* Begin XCConfigurationList section */
		4D4461E4271AEADE001CD826 /* Build configuration list for PBXProject "MovieSwift" */ = {
			isa = XCConfigurationList;
			buildConfigurations = (
				4D4461FB271AEADF001CD826 /* Debug */,
				4D4461FC271AEADF001CD826 /* Release */,
			);
			defaultConfigurationIsVisible = 0;
			defaultConfigurationName = Release;
		};
		4D4461FD271AEADF001CD826 /* Build configuration list for PBXNativeTarget "MovieSwift" */ = {
			isa = XCConfigurationList;
			buildConfigurations = (
				4D4461FE271AEADF001CD826 /* Debug */,
				4D4461FF271AEADF001CD826 /* Release */,
			);
			defaultConfigurationIsVisible = 0;
			defaultConfigurationName = Release;
		};
/* End XCConfigurationList section */

/* Begin XCRemoteSwiftPackageReference section */
		4D446210271AF11E001CD826 /* XCRemoteSwiftPackageReference "Alamofire" */ = {
			isa = XCRemoteSwiftPackageReference;
			repositoryURL = "https://github.com/Alamofire/Alamofire.git";
			requirement = {
				kind = upToNextMajorVersion;
				minimumVersion = 5.4.4;
			};
		};
		4D446214271AF159001CD826 /* XCRemoteSwiftPackageReference "SwiftyJSON" */ = {
			isa = XCRemoteSwiftPackageReference;
			repositoryURL = "https://github.com/SwiftyJSON/SwiftyJSON.git";
			requirement = {
				kind = upToNextMajorVersion;
				minimumVersion = 5.0.1;
			};
		};
		4D446218271AF1AA001CD826 /* XCRemoteSwiftPackageReference "AlamofireImage" */ = {
			isa = XCRemoteSwiftPackageReference;
			repositoryURL = "https://github.com/Alamofire/AlamofireImage.git";
			requirement = {
				kind = upToNextMajorVersion;
				minimumVersion = 4.2.0;
			};
		};
		4D44621C271AF1D2001CD826 /* XCRemoteSwiftPackageReference "lottie-ios" */ = {
			isa = XCRemoteSwiftPackageReference;
			repositoryURL = "https://github.com/airbnb/lottie-ios.git";
			requirement = {
				kind = upToNextMajorVersion;
				minimumVersion = 3.2.3;
			};
		};
		4D446220271AF1E7001CD826 /* XCRemoteSwiftPackageReference "ObjectMapper" */ = {
			isa = XCRemoteSwiftPackageReference;
			repositoryURL = "https://github.com/tristanhimmelman/ObjectMapper.git";
			requirement = {
				kind = upToNextMajorVersion;
				minimumVersion = 4.2.0;
			};
		};
		4D446224271AF201001CD826 /* XCRemoteSwiftPackageReference "SnapKit" */ = {
			isa = XCRemoteSwiftPackageReference;
			repositoryURL = "https://github.com/SnapKit/SnapKit.git";
			requirement = {
				kind = upToNextMajorVersion;
				minimumVersion = 5.0.1;
			};
		};
/* End XCRemoteSwiftPackageReference section */

/* Begin XCSwiftPackageProductDependency section */
		4D446211271AF11E001CD826 /* Alamofire */ = {
			isa = XCSwiftPackageProductDependency;
			package = 4D446210271AF11E001CD826 /* XCRemoteSwiftPackageReference "Alamofire" */;
			productName = Alamofire;
		};
		4D446215271AF159001CD826 /* SwiftyJSON */ = {
			isa = XCSwiftPackageProductDependency;
			package = 4D446214271AF159001CD826 /* XCRemoteSwiftPackageReference "SwiftyJSON" */;
			productName = SwiftyJSON;
		};
		4D446219271AF1AA001CD826 /* AlamofireImage */ = {
			isa = XCSwiftPackageProductDependency;
			package = 4D446218271AF1AA001CD826 /* XCRemoteSwiftPackageReference "AlamofireImage" */;
			productName = AlamofireImage;
		};
		4D44621D271AF1D2001CD826 /* Lottie */ = {
			isa = XCSwiftPackageProductDependency;
			package = 4D44621C271AF1D2001CD826 /* XCRemoteSwiftPackageReference "lottie-ios" */;
			productName = Lottie;
		};
		4D446221271AF1E7001CD826 /* ObjectMapper */ = {
			isa = XCSwiftPackageProductDependency;
			package = 4D446220271AF1E7001CD826 /* XCRemoteSwiftPackageReference "ObjectMapper" */;
			productName = ObjectMapper;
		};
		4D446225271AF201001CD826 /* SnapKit */ = {
			isa = XCSwiftPackageProductDependency;
			package = 4D446224271AF201001CD826 /* XCRemoteSwiftPackageReference "SnapKit" */;
			productName = SnapKit;
		};
/* End XCSwiftPackageProductDependency section */
	};
	rootObject = 4D4461E1271AEADE001CD826 /* Project object */;
}
